
Microsoft Visual Studio Solution File, Format Version 12.00
# Visual Studio 2012
VisualStudioVersion = 12.0.31101.0
MinimumVisualStudioVersion = 10.0.40219.1
Project("{2150E333-8FDC-42A3-9474-1A3956D46DE8}") = "Protocols", "Protocols", "{FCD25B19-29D9-4EBD-A6F8-038EF92A1C1D}"
EndProject
Project("{FAE04EC0-301F-11D3-BF4B-00C04F79EFBC}") = "Protocols.Data", "protocols\Protocols.Data\Protocols.Data.csproj", "{1F78FEB1-812B-486D-9110-F43AB8239B02}"
EndProject
Project("{FAE04EC0-301F-11D3-BF4B-00C04F79EFBC}") = "Protocols", "protocols\Protocols\Protocols.csproj", "{957F2D6E-1B2C-4666-9C13-9881B4B47D29}"
EndProject
Project("{FAE04EC0-301F-11D3-BF4B-00C04F79EFBC}") = "Protocols.Core", "protocols\Protocols.Core\Protocols.Core.csproj", "{536475DE-995D-46E3-8F8C-0B5A41B3A701}"
EndProject
Project("{FAE04EC0-301F-11D3-BF4B-00C04F79EFBC}") = "SharedKernel", "SharedKernel\SharedKernel.csproj", "{9DDDE55C-EFA2-45D6-B75F-436D01460BF3}"
EndProject
Project("{2150E333-8FDC-42A3-9474-1A3956D46DE8}") = "Subjects", "Subjects", "{1D3BF468-6CA2-4D3B-933F-242699F0E810}"
EndProject
Project("{FAE04EC0-301F-11D3-BF4B-00C04F79EFBC}") = "Subjects", "subjects\Subjects\Subjects.csproj", "{5D1C9B39-60B0-45FF-803D-6D12E41C3E30}"
EndProject
Project("{FAE04EC0-301F-11D3-BF4B-00C04F79EFBC}") = "Subjects.Core", "subjects\Subjects.Core\Subjects.Core.csproj", "{9D7FA907-4BF6-47CD-85E2-C0888D31CA97}"
EndProject
Project("{FAE04EC0-301F-11D3-BF4B-00C04F79EFBC}") = "Subjects.Data", "subjects\Subjects.Data\Subjects.Data.csproj", "{E862A246-C9DE-4381-9A30-E5F203341BF5}"
EndProject
Global
	GlobalSection(SolutionConfigurationPlatforms) = preSolution
		Debug|Any CPU = Debug|Any CPU
		Release|Any CPU = Release|Any CPU
	EndGlobalSection
	GlobalSection(ProjectConfigurationPlatforms) = postSolution
		{1F78FEB1-812B-486D-9110-F43AB8239B02}.Debug|Any CPU.ActiveCfg = Debug|Any CPU
		{1F78FEB1-812B-486D-9110-F43AB8239B02}.Debug|Any CPU.Build.0 = Debug|Any CPU
		{1F78FEB1-812B-486D-9110-F43AB8239B02}.Release|Any CPU.ActiveCfg = Release|Any CPU
		{1F78FEB1-812B-486D-9110-F43AB8239B02}.Release|Any CPU.Build.0 = Release|Any CPU
		{536475DE-995D-46E3-8F8C-0B5A41B3A701}.Debug|Any CPU.ActiveCfg = Debug|Any CPU
		{536475DE-995D-46E3-8F8C-0B5A41B3A701}.Debug|Any CPU.Build.0 = Debug|Any CPU
		{536475DE-995D-46E3-8F8C-0B5A41B3A701}.Release|Any CPU.ActiveCfg = Release|Any CPU
		{536475DE-995D-46E3-8F8C-0B5A41B3A701}.Release|Any CPU.Build.0 = Release|Any CPU
		{5D1C9B39-60B0-45FF-803D-6D12E41C3E30}.Debug|Any CPU.ActiveCfg = Debug|Any CPU
		{5D1C9B39-60B0-45FF-803D-6D12E41C3E30}.Debug|Any CPU.Build.0 = Debug|Any CPU
		{5D1C9B39-60B0-45FF-803D-6D12E41C3E30}.Release|Any CPU.ActiveCfg = Release|Any CPU
		{5D1C9B39-60B0-45FF-803D-6D12E41C3E30}.Release|Any CPU.Build.0 = Release|Any CPU
		{957F2D6E-1B2C-4666-9C13-9881B4B47D29}.Debug|Any CPU.ActiveCfg = Debug|Any CPU
		{957F2D6E-1B2C-4666-9C13-9881B4B47D29}.Debug|Any CPU.Build.0 = Debug|Any CPU
		{957F2D6E-1B2C-4666-9C13-9881B4B47D29}.Release|Any CPU.ActiveCfg = Release|Any CPU
		{957F2D6E-1B2C-4666-9C13-9881B4B47D29}.Release|Any CPU.Build.0 = Release|Any CPU
		{9D7FA907-4BF6-47CD-85E2-C0888D31CA97}.Debug|Any CPU.ActiveCfg = Debug|Any CPU
		{9D7FA907-4BF6-47CD-85E2-C0888D31CA97}.Debug|Any CPU.Build.0 = Debug|Any CPU
		{9D7FA907-4BF6-47CD-85E2-C0888D31CA97}.Release|Any CPU.ActiveCfg = Release|Any CPU
		{9D7FA907-4BF6-47CD-85E2-C0888D31CA97}.Release|Any CPU.Build.0 = Release|Any CPU
		{9DDDE55C-EFA2-45D6-B75F-436D01460BF3}.Debug|Any CPU.ActiveCfg = Debug|Any CPU
		{9DDDE55C-EFA2-45D6-B75F-436D01460BF3}.Debug|Any CPU.Build.0 = Debug|Any CPU
		{9DDDE55C-EFA2-45D6-B75F-436D01460BF3}.Release|Any CPU.ActiveCfg = Release|Any CPU
		{9DDDE55C-EFA2-45D6-B75F-436D01460BF3}.Release|Any CPU.Build.0 = Release|Any CPU
		{E862A246-C9DE-4381-9A30-E5F203341BF5}.Debug|Any CPU.ActiveCfg = Debug|Any CPU
		{E862A246-C9DE-4381-9A30-E5F203341BF5}.Debug|Any CPU.Build.0 = Debug|Any CPU
		{E862A246-C9DE-4381-9A30-E5F203341BF5}.Release|Any CPU.ActiveCfg = Release|Any CPU
		{E862A246-C9DE-4381-9A30-E5F203341BF5}.Release|Any CPU.Build.0 = Release|Any CPU
	EndGlobalSection
	GlobalSection(NestedProjects) = preSolution
		{1F78FEB1-812B-486D-9110-F43AB8239B02} = {FCD25B19-29D9-4EBD-A6F8-038EF92A1C1D}
		{957F2D6E-1B2C-4666-9C13-9881B4B47D29} = {FCD25B19-29D9-4EBD-A6F8-038EF92A1C1D}
		{536475DE-995D-46E3-8F8C-0B5A41B3A701} = {FCD25B19-29D9-4EBD-A6F8-038EF92A1C1D}
		{5D1C9B39-60B0-45FF-803D-6D12E41C3E30} = {1D3BF468-6CA2-4D3B-933F-242699F0E810}
		{9D7FA907-4BF6-47CD-85E2-C0888D31CA97} = {1D3BF468-6CA2-4D3B-933F-242699F0E810}
		{E862A246-C9DE-4381-9A30-E5F203341BF5} = {1D3BF468-6CA2-4D3B-933F-242699F0E810}
	EndGlobalSection
	GlobalSection(MonoDevelopProperties) = preSolution
		StartupItem = subjects\Subjects\Subjects.csproj
	EndGlobalSection
	GlobalSection(SolutionProperties) = preSolution
		HideSolutionNode = FALSE
	EndGlobalSection
EndGlobal
